
Microsoft Visual Studio Solution File, Format Version 12.00
# Visual Studio Version 17
VisualStudioVersion = 17.5.002.0
MinimumVisualStudioVersion = 10.0.40219.1
Project("{9A19103F-16F7-4668-BE54-9A1E7A4F7556}") = "PictureConverterHelper", "PictureConverterHelper.csproj", "{AB7A5C9A-0B10-403A-8B2D-D574A70A7D95}"
EndProject
Global
	GlobalSection(SolutionConfigurationPlatforms) = preSolution
		Debug|Any CPU = Debug|Any CPU
		Release|Any CPU = Release|Any CPU
	EndGlobalSection
	GlobalSection(ProjectConfigurationPlatforms) = postSolution
		{AB7A5C9A-0B10-403A-8B2D-D574A70A7D95}.Debug|Any CPU.ActiveCfg = Debug|Any CPU
		{AB7A5C9A-0B10-403A-8B2D-D574A70A7D95}.Debug|Any CPU.Build.0 = Debug|Any CPU
		{AB7A5C9A-0B10-403A-8B2D-D574A70A7D95}.Release|Any CPU.ActiveCfg = Release|Any CPU
		{AB7A5C9A-0B10-403A-8B2D-D574A70A7D95}.Release|Any CPU.Build.0 = Release|Any CPU
	EndGlobalSection
	GlobalSection(SolutionProperties) = preSolution
		HideSolutionNode = FALSE
	EndGlobalSection
	GlobalSection(ExtensibilityGlobals) = postSolution
		SolutionGuid = {4D7CF3F4-5CBE-4A76-8334-2AB9429DB8E1}
	EndGlobalSection
EndGlobal
